
Microsoft Visual Studio Solution File, Format Version 12.00
# Visual Studio Version 17
VisualStudioVersion = 17.5.002.0
MinimumVisualStudioVersion = 10.0.40219.1
Project("{9A19103F-16F7-4668-BE54-9A1E7A4F7556}") = "Endpoint-EightToTen", "Endpoint-EightToTen.csproj", "{4D39F5A2-44A3-4BA8-8846-8816447B9CF0}"
EndProject
Global
	GlobalSection(SolutionConfigurationPlatforms) = preSolution
		Debug|Any CPU = Debug|Any CPU
		Release|Any CPU = Release|Any CPU
	EndGlobalSection
	GlobalSection(ProjectConfigurationPlatforms) = postSolution
		{4D39F5A2-44A3-4BA8-8846-8816447B9CF0}.Debug|Any CPU.ActiveCfg = Debug|Any CPU
		{4D39F5A2-44A3-4BA8-8846-8816447B9CF0}.Debug|Any CPU.Build.0 = Debug|Any CPU
		{4D39F5A2-44A3-4BA8-8846-8816447B9CF0}.Release|Any CPU.ActiveCfg = Release|Any CPU
		{4D39F5A2-44A3-4BA8-8846-8816447B9CF0}.Release|Any CPU.Build.0 = Release|Any CPU
	EndGlobalSection
	GlobalSection(SolutionProperties) = preSolution
		HideSolutionNode = FALSE
	EndGlobalSection
	GlobalSection(ExtensibilityGlobals) = postSolution
		SolutionGuid = {6940496C-CAF5-47E8-88B1-941FDC07AA78}
	EndGlobalSection
EndGlobal
